schema: '2.0'
stages:
  prepare:
    cmd: python src/download_data.py data/raw/train_data.tsv data/processed/train_data_processed.tsv
    deps:
    - path: src/download_data.py
      hash: md5
      md5: 6f099338a20a2488f4ce7a28af79f51f
      size: 329
    outs:
    - path: data/processed/train_data_processed.tsv
      hash: md5
      md5: 102f1f4193e0bdebdd6cce7f13e0a839
      size: 54686
  train:
    cmd: python src/run_train.py data/processed/train_data_processed.tsv models/sentiment_classifier.joblib
    deps:
    - path: data/processed/train_data_processed.tsv
      hash: md5
      md5: 102f1f4193e0bdebdd6cce7f13e0a839
      size: 54686
    - path: src/run_train.py
      hash: md5
      md5: 839b88d2461f7304ed9fe5432d87217d
      size: 207
    - path: src/train.py
      hash: md5
      md5: 1fa48fcca66a4b8b58e7562e09203019
      size: 5491
    outs:
    - path: models/sentiment_classifier.joblib
      hash: md5
      md5: 35c03fcc854b213ba0d3926b0bce7d09
      size: 46215
  evaluate:
    cmd: python src/evaluate.py models/sentiment_classifier.joblib data/processed/train_data_processed.tsv
      metrics/metrics.json
    deps:
    - path: data/processed/train_data_processed.tsv
      hash: md5
      md5: 102f1f4193e0bdebdd6cce7f13e0a839
      size: 54686
    - path: models/sentiment_classifier.joblib
      hash: md5
      md5: 35c03fcc854b213ba0d3926b0bce7d09
      size: 46215
    - path: src/evaluate.py
      hash: md5
      md5: be2961c1bfa43a1ed24da38185b2e217
      size: 956
    outs:
    - path: metrics/metrics.json
      hash: md5
      md5: 38f080b64d255412913c6a5a955ca38c
      size: 176
