schema: '2.0'
stages:
  prepare:
    cmd: python src/preprocess.py data/raw/raw_data.tsv
    deps:
    - path: data/raw/raw_data.tsv
      hash: md5
      md5: 102f1f4193e0bdebdd6cce7f13e0a839
      size: 54686
    - path: src/preprocess.py
      hash: md5
      md5: 8b0d27c3a2aa25f0c5975ad0f5fa3a2a
      size: 2487
    outs:
    - path: data/splits/X_test.npy
      hash: md5
      md5: d2884824a03d158e5494d4a1a7aedf34
      size: 2044928
    - path: data/splits/X_train.npy
      hash: md5
      md5: 50cdc707778354daeaf330f251a752f7
      size: 8179328
    - path: data/splits/y_test.npy
      hash: md5
      md5: 600ef4282a577f6dc3224d76026f1921
      size: 1568
    - path: data/splits/y_train.npy
      hash: md5
      md5: f7133ef9eab9657fd8847d02553b6d21
      size: 5888
  train:
    cmd: python src/train.py data/splits/X_train.npy data/splits/y_train.npy
    deps:
    - path: data/splits/X_train.npy
      hash: md5
      md5: 50cdc707778354daeaf330f251a752f7
      size: 8179328
    - path: data/splits/y_train.npy
      hash: md5
      md5: f7133ef9eab9657fd8847d02553b6d21
      size: 5888
    - path: src/train.py
      hash: md5
      md5: 3385ba4aa3000116ec855c3c128caa08
      size: 1617
    outs:
    - path: models/sentiment_classifier.joblib
      hash: md5
      md5: 7dc6aed243ae2e83d0af2e966804ad5f
      size: 46215
  evaluate:
    cmd: python src/evaluate.py models/sentiment_classifier.joblib data/splits/X_test.npy
      data/splits/y_test.npy
    deps:
    - path: data/splits/X_test.npy
      hash: md5
      md5: d2884824a03d158e5494d4a1a7aedf34
      size: 2044928
    - path: data/splits/y_test.npy
      hash: md5
      md5: 600ef4282a577f6dc3224d76026f1921
      size: 1568
    - path: models/sentiment_classifier.joblib
      hash: md5
      md5: 7dc6aed243ae2e83d0af2e966804ad5f
      size: 46215
    - path: src/evaluate.py
      hash: md5
      md5: 308ed073d1a7bc0a51549a47c04d2c8e
      size: 1616
    outs:
    - path: metrics/metrics.json
      hash: md5
      md5: 29e7a3ffa12ad4fbdc1a1180a260a441
      size: 174
  get_data:
    cmd: python src/download_data.py
    deps:
    - path: src/download_data.py
      hash: md5
      md5: 905a17b48bd973bd1c13f540423f43cc
      size: 1124
    outs:
    - path: data/raw/raw_data.tsv
      hash: md5
      md5: 102f1f4193e0bdebdd6cce7f13e0a839
      size: 54686
